
Microsoft Visual Studio Solution File, Format Version 12.00
# Visual Studio Version 17
VisualStudioVersion = 17.10.35122.118
MinimumVisualStudioVersion = 10.0.40219.1
Project("{FAE04EC0-301F-11D3-BF4B-00C04F79EFBC}") = "Aspnetcoretestapp", "Aspnetcoretestapp.csproj", "{A851DB97-FB37-452E-B660-2FD5434060E1}"
EndProject
Global
	GlobalSection(SolutionConfigurationPlatforms) = preSolution
		Debug|Any CPU = Debug|Any CPU
		Release|Any CPU = Release|Any CPU
	EndGlobalSection
	GlobalSection(ProjectConfigurationPlatforms) = postSolution
		{A851DB97-FB37-452E-B660-2FD5434060E1}.Debug|Any CPU.ActiveCfg = Debug|Any CPU
		{A851DB97-FB37-452E-B660-2FD5434060E1}.Debug|Any CPU.Build.0 = Debug|Any CPU
		{A851DB97-FB37-452E-B660-2FD5434060E1}.Release|Any CPU.ActiveCfg = Release|Any CPU
		{A851DB97-FB37-452E-B660-2FD5434060E1}.Release|Any CPU.Build.0 = Release|Any CPU
	EndGlobalSection
	GlobalSection(SolutionProperties) = preSolution
		HideSolutionNode = FALSE
	EndGlobalSection
	GlobalSection(ExtensibilityGlobals) = postSolution
		SolutionGuid = {77A5D010-0F51-48B5-98D4-5CEB6E293632}
	EndGlobalSection
EndGlobal
